// !$*UTF8*$!
{
	archiveVersion = 1;
	classes = {
	};
	objectVersion = 56;
	objects = {

/* Begin PBXBuildFile section */
		4A62B6562BDD90B30069DCD7 /* hackdavisprojApp.swift in Sources */ = {isa = PBXBuildFile; fileRef = 4A62B6552BDD90B30069DCD7 /* hackdavisprojApp.swift */; };
		4A62B65A2BDD90B50069DCD7 /* Assets.xcassets in Resources */ = {isa = PBXBuildFile; fileRef = 4A62B6592BDD90B50069DCD7 /* Assets.xcassets */; };
		4A62B6672BDD90B50069DCD7 /* hackdavisprojTests.swift in Sources */ = {isa = PBXBuildFile; fileRef = 4A62B6662BDD90B50069DCD7 /* hackdavisprojTests.swift */; };
		4A62B6712BDD90B50069DCD7 /* hackdavisprojUITests.swift in Sources */ = {isa = PBXBuildFile; fileRef = 4A62B6702BDD90B50069DCD7 /* hackdavisprojUITests.swift */; };
		4A62B6732BDD90B50069DCD7 /* hackdavisprojUITestsLaunchTests.swift in Sources */ = {isa = PBXBuildFile; fileRef = 4A62B6722BDD90B50069DCD7 /* hackdavisprojUITestsLaunchTests.swift */; };
		F62C4BCA2BDDB5960007BD01 /* ContentView.swift in Sources */ = {isa = PBXBuildFile; fileRef = F62C4BC92BDDB5960007BD01 /* ContentView.swift */; };
		F62C4BCE2BDDB5C00007BD01 /* SearchView.swift in Sources */ = {isa = PBXBuildFile; fileRef = F62C4BCD2BDDB5C00007BD01 /* SearchView.swift */; };
		F62C4BD02BDDB5E00007BD01 /* FilterView.swift in Sources */ = {isa = PBXBuildFile; fileRef = F62C4BCF2BDDB5E00007BD01 /* FilterView.swift */; };
		F62C4BD22BDDB6040007BD01 /* ProfileView.swift in Sources */ = {isa = PBXBuildFile; fileRef = F62C4BD12BDDB6040007BD01 /* ProfileView.swift */; };
		F62C4BD42BDDB6200007BD01 /* ListingsView.swift in Sources */ = {isa = PBXBuildFile; fileRef = F62C4BD32BDDB6200007BD01 /* ListingsView.swift */; };
		F62C4BD62BDDB6320007BD01 /* NotificationsView.swift in Sources */ = {isa = PBXBuildFile; fileRef = F62C4BD52BDDB6320007BD01 /* NotificationsView.swift */; };
/* End PBXBuildFile section */

/* Begin PBXContainerItemProxy section */
		4A62B6632BDD90B50069DCD7 /* PBXContainerItemProxy */ = {
			isa = PBXContainerItemProxy;
			containerPortal = 4A62B64A2BDD90B30069DCD7 /* Project object */;
			proxyType = 1;
			remoteGlobalIDString = 4A62B6512BDD90B30069DCD7;
			remoteInfo = hackdavisproj;
		};
		4A62B66D2BDD90B50069DCD7 /* PBXContainerItemProxy */ = {
			isa = PBXContainerItemProxy;
			containerPortal = 4A62B64A2BDD90B30069DCD7 /* Project object */;
			proxyType = 1;
			remoteGlobalIDString = 4A62B6512BDD90B30069DCD7;
			remoteInfo = hackdavisproj;
		};
/* End PBXContainerItemProxy section */

/* Begin PBXFileReference section */
		4A62B6522BDD90B30069DCD7 /* hackdavisproj.app */ = {isa = PBXFileReference; explicitFileType = wrapper.application; includeInIndex = 0; path = hackdavisproj.app; sourceTree = BUILT_PRODUCTS_DIR; };
		4A62B6552BDD90B30069DCD7 /* hackdavisprojApp.swift */ = {isa = PBXFileReference; lastKnownFileType = sourcecode.swift; path = hackdavisprojApp.swift; sourceTree = "<group>"; };
		4A62B6592BDD90B50069DCD7 /* Assets.xcassets */ = {isa = PBXFileReference; lastKnownFileType = folder.assetcatalog; path = Assets.xcassets; sourceTree = "<group>"; };
		4A62B6622BDD90B50069DCD7 /* hackdavisprojTests.xctest */ = {isa = PBXFileReference; explicitFileType = wrapper.cfbundle; includeInIndex = 0; path = hackdavisprojTests.xctest; sourceTree = BUILT_PRODUCTS_DIR; };
		4A62B6662BDD90B50069DCD7 /* hackdavisprojTests.swift */ = {isa = PBXFileReference; lastKnownFileType = sourcecode.swift; path = hackdavisprojTests.swift; sourceTree = "<group>"; };
		4A62B66C2BDD90B50069DCD7 /* hackdavisprojUITests.xctest */ = {isa = PBXFileReference; explicitFileType = wrapper.cfbundle; includeInIndex = 0; path = hackdavisprojUITests.xctest; sourceTree = BUILT_PRODUCTS_DIR; };
		4A62B6702BDD90B50069DCD7 /* hackdavisprojUITests.swift */ = {isa = PBXFileReference; lastKnownFileType = sourcecode.swift; path = hackdavisprojUITests.swift; sourceTree = "<group>"; };
		4A62B6722BDD90B50069DCD7 /* hackdavisprojUITestsLaunchTests.swift */ = {isa = PBXFileReference; lastKnownFileType = sourcecode.swift; path = hackdavisprojUITestsLaunchTests.swift; sourceTree = "<group>"; };
		F62C4BC92BDDB5960007BD01 /* ContentView.swift */ = {isa = PBXFileReference; lastKnownFileType = sourcecode.swift; path = ContentView.swift; sourceTree = "<group>"; };
		F62C4BCD2BDDB5C00007BD01 /* SearchView.swift */ = {isa = PBXFileReference; lastKnownFileType = sourcecode.swift; path = SearchView.swift; sourceTree = "<group>"; };
		F62C4BCF2BDDB5E00007BD01 /* FilterView.swift */ = {isa = PBXFileReference; lastKnownFileType = sourcecode.swift; path = FilterView.swift; sourceTree = "<group>"; };
		F62C4BD12BDDB6040007BD01 /* ProfileView.swift */ = {isa = PBXFileReference; lastKnownFileType = sourcecode.swift; path = ProfileView.swift; sourceTree = "<group>"; };
		F62C4BD32BDDB6200007BD01 /* ListingsView.swift */ = {isa = PBXFileReference; lastKnownFileType = sourcecode.swift; path = ListingsView.swift; sourceTree = "<group>"; };
		F62C4BD52BDDB6320007BD01 /* NotificationsView.swift */ = {isa = PBXFileReference; lastKnownFileType = sourcecode.swift; path = NotificationsView.swift; sourceTree = "<group>"; };
/* End PBXFileReference section */

/* Begin PBXFrameworksBuildPhase section */
		4A62B64F2BDD90B30069DCD7 /* Frameworks */ = {
			isa = PBXFrameworksBuildPhase;
			buildActionMask = 2147483647;
			files = (
			);
			runOnlyForDeploymentPostprocessing = 0;
		};
		4A62B65F2BDD90B50069DCD7 /* Frameworks */ = {
			isa = PBXFrameworksBuildPhase;
			buildActionMask = 2147483647;
			files = (
			);
			runOnlyForDeploymentPostprocessing = 0;
		};
		4A62B6692BDD90B50069DCD7 /* Frameworks */ = {
			isa = PBXFrameworksBuildPhase;
			buildActionMask = 2147483647;
			files = (
			);
			runOnlyForDeploymentPostprocessing = 0;
		};
/* End PBXFrameworksBuildPhase section */

/* Begin PBXGroup section */
		4A62B6492BDD90B30069DCD7 = {
			isa = PBXGroup;
			children = (
				4A62B6542BDD90B30069DCD7 /* hackdavisproj */,
				4A62B6652BDD90B50069DCD7 /* hackdavisprojTests */,
				4A62B66F2BDD90B50069DCD7 /* hackdavisprojUITests */,
				4A62B6532BDD90B30069DCD7 /* Products */,
			);
			sourceTree = "<group>";
		};
		4A62B6532BDD90B30069DCD7 /* Products */ = {
			isa = PBXGroup;
			children = (
				4A62B6522BDD90B30069DCD7 /* hackdavisproj.app */,
				4A62B6622BDD90B50069DCD7 /* hackdavisprojTests.xctest */,
				4A62B66C2BDD90B50069DCD7 /* hackdavisprojUITests.xctest */,
			);
			name = Products;
			sourceTree = "<group>";
		};
		4A62B6542BDD90B30069DCD7 /* hackdavisproj */ = {
			isa = PBXGroup;
			children = (
				4A62B6552BDD90B30069DCD7 /* hackdavisprojApp.swift */,
				F62C4BC92BDDB5960007BD01 /* ContentView.swift */,
				F62C4BCD2BDDB5C00007BD01 /* SearchView.swift */,
				F62C4BCF2BDDB5E00007BD01 /* FilterView.swift */,
				F62C4BD12BDDB6040007BD01 /* ProfileView.swift */,
				F62C4BD52BDDB6320007BD01 /* NotificationsView.swift */,
				F62C4BD32BDDB6200007BD01 /* ListingsView.swift */,
				4A62B6592BDD90B50069DCD7 /* Assets.xcassets */,
			);
			path = hackdavisproj;
			sourceTree = "<group>";
		};
		4A62B6652BDD90B50069DCD7 /* hackdavisprojTests */ = {
			isa = PBXGroup;
			children = (
				4A62B6662BDD90B50069DCD7 /* hackdavisprojTests.swift */,
			);
			path = hackdavisprojTests;
			sourceTree = "<group>";
		};
		4A62B66F2BDD90B50069DCD7 /* hackdavisprojUITests */ = {
			isa = PBXGroup;
			children = (
				4A62B6702BDD90B50069DCD7 /* hackdavisprojUITests.swift */,
				4A62B6722BDD90B50069DCD7 /* hackdavisprojUITestsLaunchTests.swift */,
			);
			path = hackdavisprojUITests;
			sourceTree = "<group>";
		};
/* End PBXGroup section */

/* Begin PBXNativeTarget section */
		4A62B6512BDD90B30069DCD7 /* hackdavisproj */ = {
			isa = PBXNativeTarget;
			buildConfigurationList = 4A62B6762BDD90B50069DCD7 /* Build configuration list for PBXNativeTarget "hackdavisproj" */;
			buildPhases = (
				4A62B64E2BDD90B30069DCD7 /* Sources */,
				4A62B64F2BDD90B30069DCD7 /* Frameworks */,
				4A62B6502BDD90B30069DCD7 /* Resources */,
			);
			buildRules = (
			);
			dependencies = (
			);
			name = hackdavisproj;
			productName = hackdavisproj;
			productReference = 4A62B6522BDD90B30069DCD7 /* hackdavisproj.app */;
			productType = "com.apple.product-type.application";
		};
		4A62B6612BDD90B50069DCD7 /* hackdavisprojTests */ = {
			isa = PBXNativeTarget;
			buildConfigurationList = 4A62B6792BDD90B50069DCD7 /* Build configuration list for PBXNativeTarget "hackdavisprojTests" */;
			buildPhases = (
				4A62B65E2BDD90B50069DCD7 /* Sources */,
				4A62B65F2BDD90B50069DCD7 /* Frameworks */,
				4A62B6602BDD90B50069DCD7 /* Resources */,
			);
			buildRules = (
			);
			dependencies = (
				4A62B6642BDD90B50069DCD7 /* PBXTargetDependency */,
			);
			name = hackdavisprojTests;
			productName = hackdavisprojTests;
			productReference = 4A62B6622BDD90B50069DCD7 /* hackdavisprojTests.xctest */;
			productType = "com.apple.product-type.bundle.unit-test";
		};
		4A62B66B2BDD90B50069DCD7 /* hackdavisprojUITests */ = {
			isa = PBXNativeTarget;
			buildConfigurationList = 4A62B67C2BDD90B50069DCD7 /* Build configuration list for PBXNativeTarget "hackdavisprojUITests" */;
			buildPhases = (
				4A62B6682BDD90B50069DCD7 /* Sources */,
				4A62B6692BDD90B50069DCD7 /* Frameworks */,
				4A62B66A2BDD90B50069DCD7 /* Resources */,
			);
			buildRules = (
			);
			dependencies = (
				4A62B66E2BDD90B50069DCD7 /* PBXTargetDependency */,
			);
			name = hackdavisprojUITests;
			productName = hackdavisprojUITests;
			productReference = 4A62B66C2BDD90B50069DCD7 /* hackdavisprojUITests.xctest */;
			productType = "com.apple.product-type.bundle.ui-testing";
		};
/* End PBXNativeTarget section */

/* Begin PBXProject section */
		4A62B64A2BDD90B30069DCD7 /* Project object */ = {
			isa = PBXProject;
			attributes = {
				BuildIndependentTargetsInParallel = 1;
				LastSwiftUpdateCheck = 1530;
				LastUpgradeCheck = 1530;
				TargetAttributes = {
					4A62B6512BDD90B30069DCD7 = {
						CreatedOnToolsVersion = 15.3;
					};
					4A62B6612BDD90B50069DCD7 = {
						CreatedOnToolsVersion = 15.3;
						TestTargetID = 4A62B6512BDD90B30069DCD7;
					};
					4A62B66B2BDD90B50069DCD7 = {
						CreatedOnToolsVersion = 15.3;
						TestTargetID = 4A62B6512BDD90B30069DCD7;
					};
				};
			};
			buildConfigurationList = 4A62B64D2BDD90B30069DCD7 /* Build configuration list for PBXProject "hackdavisproj" */;
			compatibilityVersion = "Xcode 14.0";
			developmentRegion = en;
			hasScannedForEncodings = 0;
			knownRegions = (
				en,
				Base,
			);
			mainGroup = 4A62B6492BDD90B30069DCD7;
			productRefGroup = 4A62B6532BDD90B30069DCD7 /* Products */;
			projectDirPath = "";
			projectRoot = "";
			targets = (
				4A62B6512BDD90B30069DCD7 /* hackdavisproj */,
				4A62B6612BDD90B50069DCD7 /* hackdavisprojTests */,
				4A62B66B2BDD90B50069DCD7 /* hackdavisprojUITests */,
			);
		};
/* End PBXProject section */

/* Begin PBXResourcesBuildPhase section */
		4A62B6502BDD90B30069DCD7 /* Resources */ = {
			isa = PBXResourcesBuildPhase;
			buildActionMask = 2147483647;
			files = (
				4A62B65A2BDD90B50069DCD7 /* Assets.xcassets in Resources */,
			);
			runOnlyForDeploymentPostprocessing = 0;
		};
		4A62B6602BDD90B50069DCD7 /* Resources */ = {
			isa = PBXResourcesBuildPhase;
			buildActionMask = 2147483647;
			files = (
			);
			runOnlyForDeploymentPostprocessing = 0;
		};
		4A62B66A2BDD90B50069DCD7 /* Resources */ = {
			isa = PBXResourcesBuildPhase;
			buildActionMask = 2147483647;
			files = (
			);
			runOnlyForDeploymentPostprocessing = 0;
		};
/* End PBXResourcesBuildPhase section */

/* Begin PBXSourcesBuildPhase section */
		4A62B64E2BDD90B30069DCD7 /* Sources */ = {
			isa = PBXSourcesBuildPhase;
			buildActionMask = 2147483647;
			files = (
				F62C4BD02BDDB5E00007BD01 /* FilterView.swift in Sources */,
				F62C4BD42BDDB6200007BD01 /* ListingsView.swift in Sources */,
				F62C4BCA2BDDB5960007BD01 /* ContentView.swift in Sources */,
				F62C4BD22BDDB6040007BD01 /* ProfileView.swift in Sources */,
				F62C4BCE2BDDB5C00007BD01 /* SearchView.swift in Sources */,
				4A62B6562BDD90B30069DCD7 /* hackdavisprojApp.swift in Sources */,
				F62C4BD62BDDB6320007BD01 /* NotificationsView.swift in Sources */,
			);
			runOnlyForDeploymentPostprocessing = 0;
		};
		4A62B65E2BDD90B50069DCD7 /* Sources */ = {
			isa = PBXSourcesBuildPhase;
			buildActionMask = 2147483647;
			files = (
				4A62B6672BDD90B50069DCD7 /* hackdavisprojTests.swift in Sources */,
			);
			runOnlyForDeploymentPostprocessing = 0;
		};
		4A62B6682BDD90B50069DCD7 /* Sources */ = {
			isa = PBXSourcesBuildPhase;
			buildActionMask = 2147483647;
			files = (
				4A62B6732BDD90B50069DCD7 /* hackdavisprojUITestsLaunchTests.swift in Sources */,
				4A62B6712BDD90B50069DCD7 /* hackdavisprojUITests.swift in Sources */,
			);
			runOnlyForDeploymentPostprocessing = 0;
		};
/* End PBXSourcesBuildPhase section */

/* Begin PBXTargetDependency section */
		4A62B6642BDD90B50069DCD7 /* PBXTargetDependency */ = {
			isa = PBXTargetDependency;
			target = 4A62B6512BDD90B30069DCD7 /* hackdavisproj */;
			targetProxy = 4A62B6632BDD90B50069DCD7 /* PBXContainerItemProxy */;
		};
		4A62B66E2BDD90B50069DCD7 /* PBXTargetDependency */ = {
			isa = PBXTargetDependency;
			target = 4A62B6512BDD90B30069DCD7 /* hackdavisproj */;
			targetProxy = 4A62B66D2BDD90B50069DCD7 /* PBXContainerItemProxy */;
		};
/* End PBXTargetDependency section */

/* Begin XCBuildConfiguration section */
		4A62B6742BDD90B50069DCD7 /* Debug */ = {
			isa = XCBuildConfiguration;
			buildSettings = {
				ALWAYS_SEARCH_USER_PATHS = NO;
				ASSETCATALOG_COMPILER_GENERATE_SWIFT_ASSET_SYMBOL_EXTENSIONS = YES;
				CLANG_ANALYZER_NONNULL = YES;
				CLANG_ANALYZER_NUMBER_OBJECT_CONVERSION = YES_AGGRESSIVE;
				CLANG_CXX_LANGUAGE_STANDARD = "gnu++20";
				CLANG_ENABLE_MODULES = YES;
				CLANG_ENABLE_OBJC_ARC = YES;
				CLANG_ENABLE_OBJC_WEAK = YES;
				CLANG_WARN_BLOCK_CAPTURE_AUTORELEASING = YES;
				CLANG_WARN_BOOL_CONVERSION = YES;
				CLANG_WARN_COMMA = YES;
				CLANG_WARN_CONSTANT_CONVERSION = YES;
				CLANG_WARN_DEPRECATED_OBJC_IMPLEMENTATIONS = YES;
				CLANG_WARN_DIRECT_OBJC_ISA_USAGE = YES_ERROR;
				CLANG_WARN_DOCUMENTATION_COMMENTS = YES;
				CLANG_WARN_EMPTY_BODY = YES;
				CLANG_WARN_ENUM_CONVERSION = YES;
				CLANG_WARN_INFINITE_RECURSION = YES;
				CLANG_WARN_INT_CONVERSION = YES;
				CLANG_WARN_NON_LITERAL_NULL_CONVERSION = YES;
				CLANG_WARN_OBJC_IMPLICIT_RETAIN_SELF = YES;
				CLANG_WARN_OBJC_LITERAL_CONVERSION = YES;
				CLANG_WARN_OBJC_ROOT_CLASS = YES_ERROR;
				CLANG_WARN_QUOTED_INCLUDE_IN_FRAMEWORK_HEADER = YES;
				CLANG_WARN_RANGE_LOOP_ANALYSIS = YES;
				CLANG_WARN_STRICT_PROTOTYPES = YES;
				CLANG_WARN_SUSPICIOUS_MOVE = YES;
				CLANG_WARN_UNGUARDED_AVAILABILITY = YES_AGGRESSIVE;
				CLANG_WARN_UNREACHABLE_CODE = YES;
				CLANG_WARN__DUPLICATE_METHOD_MATCH = YES;
				COPY_PHASE_STRIP = NO;
				DEBUG_INFORMATION_FORMAT = dwarf;
				ENABLE_STRICT_OBJC_MSGSEND = YES;
				ENABLE_TESTABILITY = YES;
				ENABLE_USER_SCRIPT_SANDBOXING = YES;
				GCC_C_LANGUAGE_STANDARD = gnu17;
				GCC_DYNAMIC_NO_PIC = NO;
				GCC_NO_COMMON_BLOCKS = YES;
				GCC_OPTIMIZATION_LEVEL = 0;
				GCC_PREPROCESSOR_DEFINITIONS = (
					"DEBUG=1",
					"$(inherited)",
				);
				GCC_WARN_64_TO_32_BIT_CONVERSION = YES;
				GCC_WARN_ABOUT_RETURN_TYPE = YES_ERROR;
				GCC_WARN_UNDECLARED_SELECTOR = YES;
				GCC_WARN_UNINITIALIZED_AUTOS = YES_AGGRESSIVE;
				GCC_WARN_UNUSED_FUNCTION = YES;
				GCC_WARN_UNUSED_VARIABLE = YES;
				IPHONEOS_DEPLOYMENT_TARGET = 17.4;
				LOCALIZATION_PREFERS_STRING_CATALOGS = YES;
				MTL_ENABLE_DEBUG_INFO = INCLUDE_SOURCE;
				MTL_FAST_MATH = YES;
				ONLY_ACTIVE_ARCH = YES;
				SDKROOT = iphoneos;
				SWIFT_ACTIVE_COMPILATION_CONDITIONS = "DEBUG $(inherited)";
				SWIFT_OPTIMIZATION_LEVEL = "-Onone";
			};
			name = Debug;
		};
		4A62B6752BDD90B50069DCD7 /* Release */ = {
			isa = XCBuildConfiguration;
			buildSettings = {
				ALWAYS_SEARCH_USER_PATHS = NO;
				ASSETCATALOG_COMPILER_GENERATE_SWIFT_ASSET_SYMBOL_EXTENSIONS = YES;
				CLANG_ANALYZER_NONNULL = YES;
				CLANG_ANALYZER_NUMBER_OBJECT_CONVERSION = YES_AGGRESSIVE;
				CLANG_CXX_LANGUAGE_STANDARD = "gnu++20";
				CLANG_ENABLE_MODULES = YES;
				CLANG_ENABLE_OBJC_ARC = YES;
				CLANG_ENABLE_OBJC_WEAK = YES;
				CLANG_WARN_BLOCK_CAPTURE_AUTORELEASING = YES;
				CLANG_WARN_BOOL_CONVERSION = YES;
				CLANG_WARN_COMMA = YES;
				CLANG_WARN_CONSTANT_CONVERSION = YES;
				CLANG_WARN_DEPRECATED_OBJC_IMPLEMENTATIONS = YES;
				CLANG_WARN_DIRECT_OBJC_ISA_USAGE = YES_ERROR;
				CLANG_WARN_DOCUMENTATION_COMMENTS = YES;
				CLANG_WARN_EMPTY_BODY = YES;
				CLANG_WARN_ENUM_CONVERSION = YES;
				CLANG_WARN_INFINITE_RECURSION = YES;
				CLANG_WARN_INT_CONVERSION = YES;
				CLANG_WARN_NON_LITERAL_NULL_CONVERSION = YES;
				CLANG_WARN_OBJC_IMPLICIT_RETAIN_SELF = YES;
				CLANG_WARN_OBJC_LITERAL_CONVERSION = YES;
				CLANG_WARN_OBJC_ROOT_CLASS = YES_ERROR;
				CLANG_WARN_QUOTED_INCLUDE_IN_FRAMEWORK_HEADER = YES;
				CLANG_WARN_RANGE_LOOP_ANALYSIS = YES;
				CLANG_WARN_STRICT_PROTOTYPES = YES;
				CLANG_WARN_SUSPICIOUS_MOVE = YES;
				CLANG_WARN_UNGUARDED_AVAILABILITY = YES_AGGRESSIVE;
				CLANG_WARN_UNREACHABLE_CODE = YES;
				CLANG_WARN__DUPLICATE_METHOD_MATCH = YES;
				COPY_PHASE_STRIP = NO;
				DEBUG_INFORMATION_FORMAT = "dwarf-with-dsym";
				ENABLE_NS_ASSERTIONS = NO;
				ENABLE_STRICT_OBJC_MSGSEND = YES;
				ENABLE_USER_SCRIPT_SANDBOXING = YES;
				GCC_C_LANGUAGE_STANDARD = gnu17;
				GCC_NO_COMMON_BLOCKS = YES;
				GCC_WARN_64_TO_32_BIT_CONVERSION = YES;
				GCC_WARN_ABOUT_RETURN_TYPE = YES_ERROR;
				GCC_WARN_UNDECLARED_SELECTOR = YES;
				GCC_WARN_UNINITIALIZED_AUTOS = YES_AGGRESSIVE;
				GCC_WARN_UNUSED_FUNCTION = YES;
				GCC_WARN_UNUSED_VARIABLE = YES;
				IPHONEOS_DEPLOYMENT_TARGET = 17.4;
				LOCALIZATION_PREFERS_STRING_CATALOGS = YES;
				MTL_ENABLE_DEBUG_INFO = NO;
				MTL_FAST_MATH = YES;
				SDKROOT = iphoneos;
				SWIFT_COMPILATION_MODE = wholemodule;
				VALIDATE_PRODUCT = YES;
			};
			name = Release;
		};
		4A62B6772BDD90B50069DCD7 /* Debug */ = {
			isa = XCBuildConfiguration;
			buildSettings = {
				ASSETCATALOG_COMPILER_APPICON_NAME = AppIcon;
				ASSETCATALOG_COMPILER_GLOBAL_ACCENT_COLOR_NAME = AccentColor;
				CODE_SIGN_STYLE = Automatic;
				CURRENT_PROJECT_VERSION = 1;
				DEVELOPMENT_ASSET_PATHS = "\"hackdavisproj/Preview Content\"";
				DEVELOPMENT_TEAM = 2ZG2FGZ45L;
				ENABLE_PREVIEWS = YES;
				GENERATE_INFOPLIST_FILE = YES;
				INFOPLIST_KEY_UIApplicationSceneManifest_Generation = YES;
				INFOPLIST_KEY_UIApplicationSupportsIndirectInputEvents = YES;
				INFOPLIST_KEY_UILaunchScreen_Generation = YES;
				INFOPLIST_KEY_UISupportedInterfaceOrientations_iPad = "UIInterfaceOrientationPortrait UIInterfaceOrientationPortraitUpsideDown UIInterfaceOrientationLandscapeLeft UIInterfaceOrientationLandscapeRight";
				INFOPLIST_KEY_UISupportedInterfaceOrientations_iPhone = "UIInterfaceOrientationPortrait UIInterfaceOrientationLandscapeLeft UIInterfaceOrientationLandscapeRight";
				LD_RUNPATH_SEARCH_PATHS = (
					"$(inherited)",
					"@executable_path/Frameworks",
				);
				MARKETING_VERSION = 1.0;
				PRODUCT_BUNDLE_IDENTIFIER = JE.hackdavisproj;
				PRODUCT_NAME = "$(TARGET_NAME)";
				SWIFT_EMIT_LOC_STRINGS = YES;
				SWIFT_VERSION = 5.0;
				TARGETED_DEVICE_FAMILY = "1,2";
			};
			name = Debug;
		};
		4A62B6782BDD90B50069DCD7 /* Release */ = {
			isa = XCBuildConfiguration;
			buildSettings = {
				ASSETCATALOG_COMPILER_APPICON_NAME = AppIcon;
				ASSETCATALOG_COMPILER_GLOBAL_ACCENT_COLOR_NAME = AccentColor;
				CODE_SIGN_STYLE = Automatic;
				CURRENT_PROJECT_VERSION = 1;
				DEVELOPMENT_ASSET_PATHS = "\"hackdavisproj/Preview Content\"";
				DEVELOPMENT_TEAM = 2ZG2FGZ45L;
				ENABLE_PREVIEWS = YES;
				GENERATE_INFOPLIST_FILE = YES;
				INFOPLIST_KEY_UIApplicationSceneManifest_Generation = YES;
				INFOPLIST_KEY_UIApplicationSupportsIndirectInputEvents = YES;
				INFOPLIST_KEY_UILaunchScreen_Generation = YES;
				INFOPLIST_KEY_UISupportedInterfaceOrientations_iPad = "UIInterfaceOrientationPortrait UIInterfaceOrientationPortraitUpsideDown UIInterfaceOrientationLandscapeLeft UIInterfaceOrientationLandscapeRight";
				INFOPLIST_KEY_UISupportedInterfaceOrientations_iPhone = "UIInterfaceOrientationPortrait UIInterfaceOrientationLandscapeLeft UIInterfaceOrientationLandscapeRight";
				LD_RUNPATH_SEARCH_PATHS = (
					"$(inherited)",
					"@executable_path/Frameworks",
				);
				MARKETING_VERSION = 1.0;
				PRODUCT_BUNDLE_IDENTIFIER = JE.hackdavisproj;
				PRODUCT_NAME = "$(TARGET_NAME)";
				SWIFT_EMIT_LOC_STRINGS = YES;
				SWIFT_VERSION = 5.0;
				TARGETED_DEVICE_FAMILY = "1,2";
			};
			name = Release;
		};
		4A62B67A2BDD90B50069DCD7 /* Debug */ = {
			isa = XCBuildConfiguration;
			buildSettings = {
				ALWAYS_EMBED_SWIFT_STANDARD_LIBRARIES = YES;
				BUNDLE_LOADER = "$(TEST_HOST)";
				CODE_SIGN_STYLE = Automatic;
				CURRENT_PROJECT_VERSION = 1;
				DEVELOPMENT_TEAM = 2ZG2FGZ45L;
				GENERATE_INFOPLIST_FILE = YES;
				IPHONEOS_DEPLOYMENT_TARGET = 17.4;
				MARKETING_VERSION = 1.0;
				PRODUCT_BUNDLE_IDENTIFIER = JE.hackdavisprojTests;
				PRODUCT_NAME = "$(TARGET_NAME)";
				SWIFT_EMIT_LOC_STRINGS = NO;
				SWIFT_VERSION = 5.0;
				TARGETED_DEVICE_FAMILY = "1,2";
				TEST_HOST = "$(BUILT_PRODUCTS_DIR)/hackdavisproj.app/$(BUNDLE_EXECUTABLE_FOLDER_PATH)/hackdavisproj";
			};
			name = Debug;
		};
		4A62B67B2BDD90B50069DCD7 /* Release */ = {
			isa = XCBuildConfiguration;
			buildSettings = {
				ALWAYS_EMBED_SWIFT_STANDARD_LIBRARIES = YES;
				BUNDLE_LOADER = "$(TEST_HOST)";
				CODE_SIGN_STYLE = Automatic;
				CURRENT_PROJECT_VERSION = 1;
				DEVELOPMENT_TEAM = 2ZG2FGZ45L;
				GENERATE_INFOPLIST_FILE = YES;
				IPHONEOS_DEPLOYMENT_TARGET = 17.4;
				MARKETING_VERSION = 1.0;
				PRODUCT_BUNDLE_IDENTIFIER = JE.hackdavisprojTests;
				PRODUCT_NAME = "$(TARGET_NAME)";
				SWIFT_EMIT_LOC_STRINGS = NO;
				SWIFT_VERSION = 5.0;
				TARGETED_DEVICE_FAMILY = "1,2";
				TEST_HOST = "$(BUILT_PRODUCTS_DIR)/hackdavisproj.app/$(BUNDLE_EXECUTABLE_FOLDER_PATH)/hackdavisproj";
			};
			name = Release;
		};
		4A62B67D2BDD90B50069DCD7 /* Debug */ = {
			isa = XCBuildConfiguration;
			buildSettings = {
				ALWAYS_EMBED_SWIFT_STANDARD_LIBRARIES = YES;
				CODE_SIGN_STYLE = Automatic;
				CURRENT_PROJECT_VERSION = 1;
				DEVELOPMENT_TEAM = 2ZG2FGZ45L;
				GENERATE_INFOPLIST_FILE = YES;
				MARKETING_VERSION = 1.0;
				PRODUCT_BUNDLE_IDENTIFIER = JE.hackdavisprojUITests;
				PRODUCT_NAME = "$(TARGET_NAME)";
				SWIFT_EMIT_LOC_STRINGS = NO;
				SWIFT_VERSION = 5.0;
				TARGETED_DEVICE_FAMILY = "1,2";
				TEST_TARGET_NAME = hackdavisproj;
			};
			name = Debug;
		};
		4A62B67E2BDD90B50069DCD7 /* Release */ = {
			isa = XCBuildConfiguration;
			buildSettings = {
				ALWAYS_EMBED_SWIFT_STANDARD_LIBRARIES = YES;
				CODE_SIGN_STYLE = Automatic;
				CURRENT_PROJECT_VERSION = 1;
				DEVELOPMENT_TEAM = 2ZG2FGZ45L;
				GENERATE_INFOPLIST_FILE = YES;
				MARKETING_VERSION = 1.0;
				PRODUCT_BUNDLE_IDENTIFIER = JE.hackdavisprojUITests;
				PRODUCT_NAME = "$(TARGET_NAME)";
				SWIFT_EMIT_LOC_STRINGS = NO;
				SWIFT_VERSION = 5.0;
				TARGETED_DEVICE_FAMILY = "1,2";
				TEST_TARGET_NAME = hackdavisproj;
			};
			name = Release;
		};
/* End XCBuildConfiguration section */

/* Begin XCConfigurationList section */
		4A62B64D2BDD90B30069DCD7 /* Build configuration list for PBXProject "hackdavisproj" */ = {
			isa = XCConfigurationList;
			buildConfigurations = (
				4A62B6742BDD90B50069DCD7 /* Debug */,
				4A62B6752BDD90B50069DCD7 /* Release */,
			);
			defaultConfigurationIsVisible = 0;
			defaultConfigurationName = Release;
		};
		4A62B6762BDD90B50069DCD7 /* Build configuration list for PBXNativeTarget "hackdavisproj" */ = {
			isa = XCConfigurationList;
			buildConfigurations = (
				4A62B6772BDD90B50069DCD7 /* Debug */,
				4A62B6782BDD90B50069DCD7 /* Release */,
			);
			defaultConfigurationIsVisible = 0;
			defaultConfigurationName = Release;
		};
		4A62B6792BDD90B50069DCD7 /* Build configuration list for PBXNativeTarget "hackdavisprojTests" */ = {
			isa = XCConfigurationList;
			buildConfigurations = (
				4A62B67A2BDD90B50069DCD7 /* Debug */,
				4A62B67B2BDD90B50069DCD7 /* Release */,
			);
			defaultConfigurationIsVisible = 0;
			defaultConfigurationName = Release;
		};
		4A62B67C2BDD90B50069DCD7 /* Build configuration list for PBXNativeTarget "hackdavisprojUITests" */ = {
			isa = XCConfigurationList;
			buildConfigurations = (
				4A62B67D2BDD90B50069DCD7 /* Debug */,
				4A62B67E2BDD90B50069DCD7 /* Release */,
			);
			defaultConfigurationIsVisible = 0;
			defaultConfigurationName = Release;
		};
/* End XCConfigurationList section */
	};
	rootObject = 4A62B64A2BDD90B30069DCD7 /* Project object */;
}
